
Microsoft Visual Studio Solution File, Format Version 12.00
# Visual Studio 15
VisualStudioVersion = 15.0.27004.2006
MinimumVisualStudioVersion = 10.0.40219.1
Project("{FAE04EC0-301F-11D3-BF4B-00C04F79EFBC}") = "MathWarrior", "MathWarrior\MathWarrior.csproj", "{7817E8E2-07FD-4B13-BAE3-6D074DF29FC1}"
EndProject
Global
	GlobalSection(SolutionConfigurationPlatforms) = preSolution
		Debug|x86 = Debug|x86
		Release|x86 = Release|x86
	EndGlobalSection
	GlobalSection(ProjectConfigurationPlatforms) = postSolution
		{7817E8E2-07FD-4B13-BAE3-6D074DF29FC1}.Debug|x86.ActiveCfg = Debug|x86
		{7817E8E2-07FD-4B13-BAE3-6D074DF29FC1}.Debug|x86.Build.0 = Debug|x86
		{7817E8E2-07FD-4B13-BAE3-6D074DF29FC1}.Release|x86.ActiveCfg = Release|x86
		{7817E8E2-07FD-4B13-BAE3-6D074DF29FC1}.Release|x86.Build.0 = Release|x86
	EndGlobalSection
	GlobalSection(SolutionProperties) = preSolution
		HideSolutionNode = FALSE
	EndGlobalSection
	GlobalSection(ExtensibilityGlobals) = postSolution
		SolutionGuid = {C141D290-D42B-4437-ABA4-A6E4E3CA1D43}
	EndGlobalSection
EndGlobal
